bou.ke/monkey v1.0.2 h1:kWcnsrCNUatbxncxR/ThdYqbytgOIArtYWqcQLQzKLI=
bou.ke/monkey v1.0.2/go.mod h1:OqickVX3tNx6t33n1xvtTtu85YN5s6cKwVug+oHMaIA=
github.com/stretchr/testify v1.9.0 h1:HtqpIVDClZ4nwg75+f6Lvsy/wHu+3BoSGCbBAcpTsTg=
github.com/stretchr/testify v1.9.0/go.mod h1:r2ic/lqez/lEtzL7wO/rwa5dbSLXVDPFyf8C91i36aY=
